
Microsoft Visual Studio Solution File, Format Version 12.00
# Visual Studio 15
VisualStudioVersion = 15.0.27004.2010
MinimumVisualStudioVersion = 10.0.40219.1
Project("{FAE04EC0-301F-11D3-BF4B-00C04F79EFBC}") = "Test.Automatin.TestBase", "Test.Automatin.TestBase\Test.Automatin.TestBase.csproj", "{D7C280F6-D38A-448D-9AC6-2A7F6BC9F9F3}"
EndProject
Global
	GlobalSection(SolutionConfigurationPlatforms) = preSolution
		Debug|Any CPU = Debug|Any CPU
		Release|Any CPU = Release|Any CPU
	EndGlobalSection
	GlobalSection(ProjectConfigurationPlatforms) = postSolution
		{D7C280F6-D38A-448D-9AC6-2A7F6BC9F9F3}.Debug|Any CPU.ActiveCfg = Debug|Any CPU
		{D7C280F6-D38A-448D-9AC6-2A7F6BC9F9F3}.Debug|Any CPU.Build.0 = Debug|Any CPU
		{D7C280F6-D38A-448D-9AC6-2A7F6BC9F9F3}.Release|Any CPU.ActiveCfg = Release|Any CPU
		{D7C280F6-D38A-448D-9AC6-2A7F6BC9F9F3}.Release|Any CPU.Build.0 = Release|Any CPU
	EndGlobalSection
	GlobalSection(SolutionProperties) = preSolution
		HideSolutionNode = FALSE
	EndGlobalSection
	GlobalSection(ExtensibilityGlobals) = postSolution
		SolutionGuid = {03AD3003-3A69-4B3E-A3A1-A2A57695C941}
	EndGlobalSection
EndGlobal
