
Microsoft Visual Studio Solution File, Format Version 12.00
# Visual Studio 15
VisualStudioVersion = 15.0.27004.2010
MinimumVisualStudioVersion = 10.0.40219.1
Project("{FAE04EC0-301F-11D3-BF4B-00C04F79EFBC}") = "Test.Automation.Base", "Test.Automation.Base\Test.Automation.Base.csproj", "{31393DD1-6B81-4569-AD1D-6CDAD3035670}"
EndProject
Project("{FAE04EC0-301F-11D3-BF4B-00C04F79EFBC}") = "UnitTestProject1", "UnitTestProject1\UnitTestProject1.csproj", "{DB9BE8BF-7A9A-4153-B1F0-316D8D590CED}"
EndProject
Project("{2150E333-8FDC-42A3-9474-1A3956D46DE8}") = "Solution Items", "Solution Items", "{951A19B6-7570-424B-AAC8-33EFD3FEEC3D}"
	ProjectSection(SolutionItems) = preProject
		Fail_NoTestAttributes.png = Fail_NoTestAttributes.png
		Fail_WithTestAttributes.png = Fail_WithTestAttributes.png
		Pass_WithTestAttributes.png = Pass_WithTestAttributes.png
		README.md = README.md
	EndProjectSection
EndProject
Global
	GlobalSection(SolutionConfigurationPlatforms) = preSolution
		Debug|Any CPU = Debug|Any CPU
		Release|Any CPU = Release|Any CPU
	EndGlobalSection
	GlobalSection(ProjectConfigurationPlatforms) = postSolution
		{31393DD1-6B81-4569-AD1D-6CDAD3035670}.Debug|Any CPU.ActiveCfg = Debug|Any CPU
		{31393DD1-6B81-4569-AD1D-6CDAD3035670}.Debug|Any CPU.Build.0 = Debug|Any CPU
		{31393DD1-6B81-4569-AD1D-6CDAD3035670}.Release|Any CPU.ActiveCfg = Release|Any CPU
		{31393DD1-6B81-4569-AD1D-6CDAD3035670}.Release|Any CPU.Build.0 = Release|Any CPU
		{DB9BE8BF-7A9A-4153-B1F0-316D8D590CED}.Debug|Any CPU.ActiveCfg = Debug|Any CPU
		{DB9BE8BF-7A9A-4153-B1F0-316D8D590CED}.Debug|Any CPU.Build.0 = Debug|Any CPU
		{DB9BE8BF-7A9A-4153-B1F0-316D8D590CED}.Release|Any CPU.ActiveCfg = Release|Any CPU
		{DB9BE8BF-7A9A-4153-B1F0-316D8D590CED}.Release|Any CPU.Build.0 = Release|Any CPU
	EndGlobalSection
	GlobalSection(SolutionProperties) = preSolution
		HideSolutionNode = FALSE
	EndGlobalSection
	GlobalSection(ExtensibilityGlobals) = postSolution
		SolutionGuid = {03AD3003-3A69-4B3E-A3A1-A2A57695C941}
	EndGlobalSection
EndGlobal
